# Code generated by scarb DO NOT EDIT.
version = 1

[[package]]
name = "corelib_imports"
version = "0.1.2"
source = "git+https://github.com/keep-starknet-strange/garaga.git?tag=v1.0.1#aa91b6504c86995789edb4e78f9f9ba20571625c"

[[package]]
name = "garaga"
version = "1.0.1"
source = "git+https://github.com/keep-starknet-strange/garaga.git?tag=v1.0.1#aa91b6504c86995789edb4e78f9f9ba20571625c"
dependencies = [
 "corelib_imports",
]

[[package]]
name = "garaga_verifier"
version = "0.1.0"
dependencies = [
 "garaga",
]

[[package]]
name = "snforge_scarb_plugin"
version = "0.33.0"
source = "git+https://github.com/foundry-rs/starknet-foundry.git?tag=v0.33.0#221b1dbff42d650e9855afd4283508da8f8cacba"

[[package]]
name = "snforge_std"
version = "0.33.0"
source = "git+https://github.com/foundry-rs/starknet-foundry.git?tag=v0.33.0#221b1dbff42d650e9855afd4283508da8f8cacba"
dependencies = [
 "snforge_scarb_plugin",
]

[[package]]
name = "zkdefi_contracts"
version = "0.1.0"
dependencies = [
 "garaga",
 "garaga_verifier",
 "snforge_std",
]
